
Microsoft Visual Studio Solution File, Format Version 12.00
# Visual Studio Version 17
VisualStudioVersion = 17.5.33414.496
MinimumVisualStudioVersion = 10.0.40219.1
Project("{FAE04EC0-301F-11D3-BF4B-00C04F79EFBC}") = "EmployeeWageComputation281Batch", "EmployeeWageComputation281Batch.csproj", "{FAC7D422-0262-4DA8-860D-95F856ADE27C}"
EndProject
Global
	GlobalSection(SolutionConfigurationPlatforms) = preSolution
		Debug|Any CPU = Debug|Any CPU
		Release|Any CPU = Release|Any CPU
	EndGlobalSection
	GlobalSection(ProjectConfigurationPlatforms) = postSolution
		{FAC7D422-0262-4DA8-860D-95F856ADE27C}.Debug|Any CPU.ActiveCfg = Debug|Any CPU
		{FAC7D422-0262-4DA8-860D-95F856ADE27C}.Debug|Any CPU.Build.0 = Debug|Any CPU
		{FAC7D422-0262-4DA8-860D-95F856ADE27C}.Release|Any CPU.ActiveCfg = Release|Any CPU
		{FAC7D422-0262-4DA8-860D-95F856ADE27C}.Release|Any CPU.Build.0 = Release|Any CPU
	EndGlobalSection
	GlobalSection(SolutionProperties) = preSolution
		HideSolutionNode = FALSE
	EndGlobalSection
	GlobalSection(ExtensibilityGlobals) = postSolution
		SolutionGuid = {132E8BF8-1748-4DA3-8AEE-91F17C7FECC5}
	EndGlobalSection
EndGlobal
